
Microsoft Visual Studio Solution File, Format Version 12.00
# Visual Studio 14
VisualStudioVersion = 14.0.25123.0
MinimumVisualStudioVersion = 10.0.40219.1
Project("{FAE04EC0-301F-11D3-BF4B-00C04F79EFBC}") = "App2.Droid", "App2\App2.Droid\App2.Droid.csproj", "{0F700657-A6D5-48C5-974A-2856019F0C46}"
EndProject
Project("{FAE04EC0-301F-11D3-BF4B-00C04F79EFBC}") = "App2.iOS", "App2\App2.iOS\App2.iOS.csproj", "{9D27BF9B-0D17-42ED-B7F9-14BA8C296A93}"
EndProject
Project("{FAE04EC0-301F-11D3-BF4B-00C04F79EFBC}") = "App2.WinPhone", "App2\App2.WinPhone\App2.WinPhone.csproj", "{3CF61638-97B6-4563-9DB7-C9243FA9DDA0}"
EndProject
Project("{FAE04EC0-301F-11D3-BF4B-00C04F79EFBC}") = "App2.UWP", "App2\App2.UWP\App2.UWP.csproj", "{31204311-B565-4A2A-A0B9-B114D6AC70A8}"
EndProject
Project("{FAE04EC0-301F-11D3-BF4B-00C04F79EFBC}") = "App2.Windows", "App2\App2.Windows\App2.Windows.csproj", "{6512E88C-FFA4-4A3B-8E89-3A9B3B6F5F56}"
EndProject
Project("{FAE04EC0-301F-11D3-BF4B-00C04F79EFBC}") = "App2", "App2\App2\App2.csproj", "{61776AF1-E0AC-41D9-8BF8-4A76CEFF237A}"
EndProject
Global
	GlobalSection(SolutionConfigurationPlatforms) = preSolution
		Ad-Hoc|Any CPU = Ad-Hoc|Any CPU
		Ad-Hoc|ARM = Ad-Hoc|ARM
		Ad-Hoc|iPhone = Ad-Hoc|iPhone
		Ad-Hoc|iPhoneSimulator = Ad-Hoc|iPhoneSimulator
		Ad-Hoc|x64 = Ad-Hoc|x64
		Ad-Hoc|x86 = Ad-Hoc|x86
		AppStore|Any CPU = AppStore|Any CPU
		AppStore|ARM = AppStore|ARM
		AppStore|iPhone = AppStore|iPhone
		AppStore|iPhoneSimulator = AppStore|iPhoneSimulator
		AppStore|x64 = AppStore|x64
		AppStore|x86 = AppStore|x86
		Debug|Any CPU = Debug|Any CPU
		Debug|ARM = Debug|ARM
		Debug|iPhone = Debug|iPhone
		Debug|iPhoneSimulator = Debug|iPhoneSimulator
		Debug|x64 = Debug|x64
		Debug|x86 = Debug|x86
		Release|Any CPU = Release|Any CPU
		Release|ARM = Release|ARM
		Release|iPhone = Release|iPhone
		Release|iPhoneSimulator = Release|iPhoneSimulator
		Release|x64 = Release|x64
		Release|x86 = Release|x86
	EndGlobalSection
	GlobalSection(ProjectConfigurationPlatforms) = postSolution
		{0F700657-A6D5-48C5-974A-2856019F0C46}.Ad-Hoc|Any CPU.ActiveCfg = Release|Any CPU
		{0F700657-A6D5-48C5-974A-2856019F0C46}.Ad-Hoc|Any CPU.Build.0 = Release|Any CPU
		{0F700657-A6D5-48C5-974A-2856019F0C46}.Ad-Hoc|Any CPU.Deploy.0 = Release|Any CPU
		{0F700657-A6D5-48C5-974A-2856019F0C46}.Ad-Hoc|ARM.ActiveCfg = Release|Any CPU
		{0F700657-A6D5-48C5-974A-2856019F0C46}.Ad-Hoc|ARM.Build.0 = Release|Any CPU
		{0F700657-A6D5-48C5-974A-2856019F0C46}.Ad-Hoc|ARM.Deploy.0 = Release|Any CPU
		{0F700657-A6D5-48C5-974A-2856019F0C46}.Ad-Hoc|iPhone.ActiveCfg = Release|Any CPU
		{0F700657-A6D5-48C5-974A-2856019F0C46}.Ad-Hoc|iPhone.Build.0 = Release|Any CPU
		{0F700657-A6D5-48C5-974A-2856019F0C46}.Ad-Hoc|iPhone.Deploy.0 = Release|Any CPU
		{0F700657-A6D5-48C5-974A-2856019F0C46}.Ad-Hoc|iPhoneSimulator.ActiveCfg = Release|Any CPU
		{0F700657-A6D5-48C5-974A-2856019F0C46}.Ad-Hoc|iPhoneSimulator.Build.0 = Release|Any CPU
		{0F700657-A6D5-48C5-974A-2856019F0C46}.Ad-Hoc|iPhoneSimulator.Deploy.0 = Release|Any CPU
		{0F700657-A6D5-48C5-974A-2856019F0C46}.Ad-Hoc|x64.ActiveCfg = Release|Any CPU
		{0F700657-A6D5-48C5-974A-2856019F0C46}.Ad-Hoc|x64.Build.0 = Release|Any CPU
		{0F700657-A6D5-48C5-974A-2856019F0C46}.Ad-Hoc|x64.Deploy.0 = Release|Any CPU
		{0F700657-A6D5-48C5-974A-2856019F0C46}.Ad-Hoc|x86.ActiveCfg = Release|Any CPU
		{0F700657-A6D5-48C5-974A-2856019F0C46}.Ad-Hoc|x86.Build.0 = Release|Any CPU
		{0F700657-A6D5-48C5-974A-2856019F0C46}.Ad-Hoc|x86.Deploy.0 = Release|Any CPU
		{0F700657-A6D5-48C5-974A-2856019F0C46}.AppStore|Any CPU.ActiveCfg = Release|Any CPU
		{0F700657-A6D5-48C5-974A-2856019F0C46}.AppStore|Any CPU.Build.0 = Release|Any CPU
		{0F700657-A6D5-48C5-974A-2856019F0C46}.AppStore|Any CPU.Deploy.0 = Release|Any CPU
		{0F700657-A6D5-48C5-974A-2856019F0C46}.AppStore|ARM.ActiveCfg = Release|Any CPU
		{0F700657-A6D5-48C5-974A-2856019F0C46}.AppStore|ARM.Build.0 = Release|Any CPU
		{0F700657-A6D5-48C5-974A-2856019F0C46}.AppStore|ARM.Deploy.0 = Release|Any CPU
		{0F700657-A6D5-48C5-974A-2856019F0C46}.AppStore|iPhone.ActiveCfg = Release|Any CPU
		{0F700657-A6D5-48C5-974A-2856019F0C46}.AppStore|iPhone.Build.0 = Release|Any CPU
		{0F700657-A6D5-48C5-974A-2856019F0C46}.AppStore|iPhone.Deploy.0 = Release|Any CPU
		{0F700657-A6D5-48C5-974A-2856019F0C46}.AppStore|iPhoneSimulator.ActiveCfg = Release|Any CPU
		{0F700657-A6D5-48C5-974A-2856019F0C46}.AppStore|iPhoneSimulator.Build.0 = Release|Any CPU
		{0F700657-A6D5-48C5-974A-2856019F0C46}.AppStore|iPhoneSimulator.Deploy.0 = Release|Any CPU
		{0F700657-A6D5-48C5-974A-2856019F0C46}.AppStore|x64.ActiveCfg = Release|Any CPU
		{0F700657-A6D5-48C5-974A-2856019F0C46}.AppStore|x64.Build.0 = Release|Any CPU
		{0F700657-A6D5-48C5-974A-2856019F0C46}.AppStore|x64.Deploy.0 = Release|Any CPU
		{0F700657-A6D5-48C5-974A-2856019F0C46}.AppStore|x86.ActiveCfg = Release|Any CPU
		{0F700657-A6D5-48C5-974A-2856019F0C46}.AppStore|x86.Build.0 = Release|Any CPU
		{0F700657-A6D5-48C5-974A-2856019F0C46}.AppStore|x86.Deploy.0 = Release|Any CPU
		{0F700657-A6D5-48C5-974A-2856019F0C46}.Debug|Any CPU.ActiveCfg = Debug|Any CPU
		{0F700657-A6D5-48C5-974A-2856019F0C46}.Debug|Any CPU.Build.0 = Debug|Any CPU
		{0F700657-A6D5-48C5-974A-2856019F0C46}.Debug|Any CPU.Deploy.0 = Debug|Any CPU
		{0F700657-A6D5-48C5-974A-2856019F0C46}.Debug|ARM.ActiveCfg = Debug|Any CPU
		{0F700657-A6D5-48C5-974A-2856019F0C46}.Debug|ARM.Build.0 = Debug|Any CPU
		{0F700657-A6D5-48C5-974A-2856019F0C46}.Debug|ARM.Deploy.0 = Debug|Any CPU
		{0F700657-A6D5-48C5-974A-2856019F0C46}.Debug|iPhone.ActiveCfg = Debug|Any CPU
		{0F700657-A6D5-48C5-974A-2856019F0C46}.Debug|iPhone.Build.0 = Debug|Any CPU
		{0F700657-A6D5-48C5-974A-2856019F0C46}.Debug|iPhone.Deploy.0 = Debug|Any CPU
		{0F700657-A6D5-48C5-974A-2856019F0C46}.Debug|iPhoneSimulator.ActiveCfg = Debug|Any CPU
		{0F700657-A6D5-48C5-974A-2856019F0C46}.Debug|iPhoneSimulator.Build.0 = Debug|Any CPU
		{0F700657-A6D5-48C5-974A-2856019F0C46}.Debug|iPhoneSimulator.Deploy.0 = Debug|Any CPU
		{0F700657-A6D5-48C5-974A-2856019F0C46}.Debug|x64.ActiveCfg = Debug|Any CPU
		{0F700657-A6D5-48C5-974A-2856019F0C46}.Debug|x64.Build.0 = Debug|Any CPU
		{0F700657-A6D5-48C5-974A-2856019F0C46}.Debug|x64.Deploy.0 = Debug|Any CPU
		{0F700657-A6D5-48C5-974A-2856019F0C46}.Debug|x86.ActiveCfg = Debug|Any CPU
		{0F700657-A6D5-48C5-974A-2856019F0C46}.Debug|x86.Build.0 = Debug|Any CPU
		{0F700657-A6D5-48C5-974A-2856019F0C46}.Debug|x86.Deploy.0 = Debug|Any CPU
		{0F700657-A6D5-48C5-974A-2856019F0C46}.Release|Any CPU.ActiveCfg = Release|Any CPU
		{0F700657-A6D5-48C5-974A-2856019F0C46}.Release|Any CPU.Build.0 = Release|Any CPU
		{0F700657-A6D5-48C5-974A-2856019F0C46}.Release|Any CPU.Deploy.0 = Release|Any CPU
		{0F700657-A6D5-48C5-974A-2856019F0C46}.Release|ARM.ActiveCfg = Release|Any CPU
		{0F700657-A6D5-48C5-974A-2856019F0C46}.Release|ARM.Build.0 = Release|Any CPU
		{0F700657-A6D5-48C5-974A-2856019F0C46}.Release|ARM.Deploy.0 = Release|Any CPU
		{0F700657-A6D5-48C5-974A-2856019F0C46}.Release|iPhone.ActiveCfg = Release|Any CPU
		{0F700657-A6D5-48C5-974A-2856019F0C46}.Release|iPhone.Build.0 = Release|Any CPU
		{0F700657-A6D5-48C5-974A-2856019F0C46}.Release|iPhone.Deploy.0 = Release|Any CPU
		{0F700657-A6D5-48C5-974A-2856019F0C46}.Release|iPhoneSimulator.ActiveCfg = Release|Any CPU
		{0F700657-A6D5-48C5-974A-2856019F0C46}.Release|iPhoneSimulator.Build.0 = Release|Any CPU
		{0F700657-A6D5-48C5-974A-2856019F0C46}.Release|iPhoneSimulator.Deploy.0 = Release|Any CPU
		{0F700657-A6D5-48C5-974A-2856019F0C46}.Release|x64.ActiveCfg = Release|Any CPU
		{0F700657-A6D5-48C5-974A-2856019F0C46}.Release|x64.Build.0 = Release|Any CPU
		{0F700657-A6D5-48C5-974A-2856019F0C46}.Release|x64.Deploy.0 = Release|Any CPU
		{0F700657-A6D5-48C5-974A-2856019F0C46}.Release|x86.ActiveCfg = Release|Any CPU
		{0F700657-A6D5-48C5-974A-2856019F0C46}.Release|x86.Build.0 = Release|Any CPU
		{0F700657-A6D5-48C5-974A-2856019F0C46}.Release|x86.Deploy.0 = Release|Any CPU
		{9D27BF9B-0D17-42ED-B7F9-14BA8C296A93}.Ad-Hoc|Any CPU.ActiveCfg = Ad-Hoc|iPhone
		{9D27BF9B-0D17-42ED-B7F9-14BA8C296A93}.Ad-Hoc|ARM.ActiveCfg = Ad-Hoc|iPhone
		{9D27BF9B-0D17-42ED-B7F9-14BA8C296A93}.Ad-Hoc|iPhone.ActiveCfg = Ad-Hoc|iPhone
		{9D27BF9B-0D17-42ED-B7F9-14BA8C296A93}.Ad-Hoc|iPhone.Build.0 = Ad-Hoc|iPhone
		{9D27BF9B-0D17-42ED-B7F9-14BA8C296A93}.Ad-Hoc|iPhoneSimulator.ActiveCfg = Ad-Hoc|iPhoneSimulator
		{9D27BF9B-0D17-42ED-B7F9-14BA8C296A93}.Ad-Hoc|iPhoneSimulator.Build.0 = Ad-Hoc|iPhoneSimulator
		{9D27BF9B-0D17-42ED-B7F9-14BA8C296A93}.Ad-Hoc|x64.ActiveCfg = Ad-Hoc|iPhone
		{9D27BF9B-0D17-42ED-B7F9-14BA8C296A93}.Ad-Hoc|x86.ActiveCfg = Ad-Hoc|iPhone
		{9D27BF9B-0D17-42ED-B7F9-14BA8C296A93}.AppStore|Any CPU.ActiveCfg = AppStore|iPhone
		{9D27BF9B-0D17-42ED-B7F9-14BA8C296A93}.AppStore|ARM.ActiveCfg = AppStore|iPhone
		{9D27BF9B-0D17-42ED-B7F9-14BA8C296A93}.AppStore|iPhone.ActiveCfg = AppStore|iPhone
		{9D27BF9B-0D17-42ED-B7F9-14BA8C296A93}.AppStore|iPhone.Build.0 = AppStore|iPhone
		{9D27BF9B-0D17-42ED-B7F9-14BA8C296A93}.AppStore|iPhoneSimulator.ActiveCfg = AppStore|iPhoneSimulator
		{9D27BF9B-0D17-42ED-B7F9-14BA8C296A93}.AppStore|iPhoneSimulator.Build.0 = AppStore|iPhoneSimulator
		{9D27BF9B-0D17-42ED-B7F9-14BA8C296A93}.AppStore|x64.ActiveCfg = AppStore|iPhone
		{9D27BF9B-0D17-42ED-B7F9-14BA8C296A93}.AppStore|x86.ActiveCfg = AppStore|iPhone
		{9D27BF9B-0D17-42ED-B7F9-14BA8C296A93}.Debug|Any CPU.ActiveCfg = Debug|iPhone
		{9D27BF9B-0D17-42ED-B7F9-14BA8C296A93}.Debug|ARM.ActiveCfg = Debug|iPhone
		{9D27BF9B-0D17-42ED-B7F9-14BA8C296A93}.Debug|iPhone.ActiveCfg = Debug|iPhone
		{9D27BF9B-0D17-42ED-B7F9-14BA8C296A93}.Debug|iPhone.Build.0 = Debug|iPhone
		{9D27BF9B-0D17-42ED-B7F9-14BA8C296A93}.Debug|iPhoneSimulator.ActiveCfg = Debug|iPhoneSimulator
		{9D27BF9B-0D17-42ED-B7F9-14BA8C296A93}.Debug|iPhoneSimulator.Build.0 = Debug|iPhoneSimulator
		{9D27BF9B-0D17-42ED-B7F9-14BA8C296A93}.Debug|x64.ActiveCfg = Debug|iPhone
		{9D27BF9B-0D17-42ED-B7F9-14BA8C296A93}.Debug|x86.ActiveCfg = Debug|iPhone
		{9D27BF9B-0D17-42ED-B7F9-14BA8C296A93}.Release|Any CPU.ActiveCfg = Release|iPhone
		{9D27BF9B-0D17-42ED-B7F9-14BA8C296A93}.Release|ARM.ActiveCfg = Release|iPhone
		{9D27BF9B-0D17-42ED-B7F9-14BA8C296A93}.Release|iPhone.ActiveCfg = Release|iPhone
		{9D27BF9B-0D17-42ED-B7F9-14BA8C296A93}.Release|iPhone.Build.0 = Release|iPhone
		{9D27BF9B-0D17-42ED-B7F9-14BA8C296A93}.Release|iPhoneSimulator.ActiveCfg = Release|iPhoneSimulator
		{9D27BF9B-0D17-42ED-B7F9-14BA8C296A93}.Release|iPhoneSimulator.Build.0 = Release|iPhoneSimulator
		{9D27BF9B-0D17-42ED-B7F9-14BA8C296A93}.Release|x64.ActiveCfg = Release|iPhone
		{9D27BF9B-0D17-42ED-B7F9-14BA8C296A93}.Release|x86.ActiveCfg = Release|iPhone
		{3CF61638-97B6-4563-9DB7-C9243FA9DDA0}.Ad-Hoc|Any CPU.ActiveCfg = Release|Any CPU
		{3CF61638-97B6-4563-9DB7-C9243FA9DDA0}.Ad-Hoc|Any CPU.Build.0 = Release|Any CPU
		{3CF61638-97B6-4563-9DB7-C9243FA9DDA0}.Ad-Hoc|Any CPU.Deploy.0 = Release|Any CPU
		{3CF61638-97B6-4563-9DB7-C9243FA9DDA0}.Ad-Hoc|ARM.ActiveCfg = Release|ARM
		{3CF61638-97B6-4563-9DB7-C9243FA9DDA0}.Ad-Hoc|ARM.Build.0 = Release|ARM
		{3CF61638-97B6-4563-9DB7-C9243FA9DDA0}.Ad-Hoc|ARM.Deploy.0 = Release|ARM
		{3CF61638-97B6-4563-9DB7-C9243FA9DDA0}.Ad-Hoc|iPhone.ActiveCfg = Release|Any CPU
		{3CF61638-97B6-4563-9DB7-C9243FA9DDA0}.Ad-Hoc|iPhone.Build.0 = Release|Any CPU
		{3CF61638-97B6-4563-9DB7-C9243FA9DDA0}.Ad-Hoc|iPhone.Deploy.0 = Release|Any CPU
		{3CF61638-97B6-4563-9DB7-C9243FA9DDA0}.Ad-Hoc|iPhoneSimulator.ActiveCfg = Release|Any CPU
		{3CF61638-97B6-4563-9DB7-C9243FA9DDA0}.Ad-Hoc|iPhoneSimulator.Build.0 = Release|Any CPU
		{3CF61638-97B6-4563-9DB7-C9243FA9DDA0}.Ad-Hoc|iPhoneSimulator.Deploy.0 = Release|Any CPU
		{3CF61638-97B6-4563-9DB7-C9243FA9DDA0}.Ad-Hoc|x64.ActiveCfg = Release|Any CPU
		{3CF61638-97B6-4563-9DB7-C9243FA9DDA0}.Ad-Hoc|x64.Build.0 = Release|Any CPU
		{3CF61638-97B6-4563-9DB7-C9243FA9DDA0}.Ad-Hoc|x64.Deploy.0 = Release|Any CPU
		{3CF61638-97B6-4563-9DB7-C9243FA9DDA0}.Ad-Hoc|x86.ActiveCfg = Release|x86
		{3CF61638-97B6-4563-9DB7-C9243FA9DDA0}.Ad-Hoc|x86.Build.0 = Release|x86
		{3CF61638-97B6-4563-9DB7-C9243FA9DDA0}.Ad-Hoc|x86.Deploy.0 = Release|x86
		{3CF61638-97B6-4563-9DB7-C9243FA9DDA0}.AppStore|Any CPU.ActiveCfg = Release|Any CPU
		{3CF61638-97B6-4563-9DB7-C9243FA9DDA0}.AppStore|Any CPU.Build.0 = Release|Any CPU
		{3CF61638-97B6-4563-9DB7-C9243FA9DDA0}.AppStore|Any CPU.Deploy.0 = Release|Any CPU
		{3CF61638-97B6-4563-9DB7-C9243FA9DDA0}.AppStore|ARM.ActiveCfg = Release|ARM
		{3CF61638-97B6-4563-9DB7-C9243FA9DDA0}.AppStore|ARM.Build.0 = Release|ARM
		{3CF61638-97B6-4563-9DB7-C9243FA9DDA0}.AppStore|ARM.Deploy.0 = Release|ARM
		{3CF61638-97B6-4563-9DB7-C9243FA9DDA0}.AppStore|iPhone.ActiveCfg = Release|Any CPU
		{3CF61638-97B6-4563-9DB7-C9243FA9DDA0}.AppStore|iPhone.Build.0 = Release|Any CPU
		{3CF61638-97B6-4563-9DB7-C9243FA9DDA0}.AppStore|iPhone.Deploy.0 = Release|Any CPU
		{3CF61638-97B6-4563-9DB7-C9243FA9DDA0}.AppStore|iPhoneSimulator.ActiveCfg = Release|Any CPU
		{3CF61638-97B6-4563-9DB7-C9243FA9DDA0}.AppStore|iPhoneSimulator.Build.0 = Release|Any CPU
		{3CF61638-97B6-4563-9DB7-C9243FA9DDA0}.AppStore|iPhoneSimulator.Deploy.0 = Release|Any CPU
		{3CF61638-97B6-4563-9DB7-C9243FA9DDA0}.AppStore|x64.ActiveCfg = Release|Any CPU
		{3CF61638-97B6-4563-9DB7-C9243FA9DDA0}.AppStore|x64.Build.0 = Release|Any CPU
		{3CF61638-97B6-4563-9DB7-C9243FA9DDA0}.AppStore|x64.Deploy.0 = Release|Any CPU
		{3CF61638-97B6-4563-9DB7-C9243FA9DDA0}.AppStore|x86.ActiveCfg = Release|x86
		{3CF61638-97B6-4563-9DB7-C9243FA9DDA0}.AppStore|x86.Build.0 = Release|x86
		{3CF61638-97B6-4563-9DB7-C9243FA9DDA0}.AppStore|x86.Deploy.0 = Release|x86
		{3CF61638-97B6-4563-9DB7-C9243FA9DDA0}.Debug|Any CPU.ActiveCfg = Debug|Any CPU
		{3CF61638-97B6-4563-9DB7-C9243FA9DDA0}.Debug|Any CPU.Build.0 = Debug|Any CPU
		{3CF61638-97B6-4563-9DB7-C9243FA9DDA0}.Debug|Any CPU.Deploy.0 = Debug|Any CPU
		{3CF61638-97B6-4563-9DB7-C9243FA9DDA0}.Debug|ARM.ActiveCfg = Debug|ARM
		{3CF61638-97B6-4563-9DB7-C9243FA9DDA0}.Debug|ARM.Build.0 = Debug|ARM
		{3CF61638-97B6-4563-9DB7-C9243FA9DDA0}.Debug|ARM.Deploy.0 = Debug|ARM
		{3CF61638-97B6-4563-9DB7-C9243FA9DDA0}.Debug|iPhone.ActiveCfg = Debug|Any CPU
		{3CF61638-97B6-4563-9DB7-C9243FA9DDA0}.Debug|iPhone.Build.0 = Debug|Any CPU
		{3CF61638-97B6-4563-9DB7-C9243FA9DDA0}.Debug|iPhone.Deploy.0 = Debug|Any CPU
		{3CF61638-97B6-4563-9DB7-C9243FA9DDA0}.Debug|iPhoneSimulator.ActiveCfg = Debug|Any CPU
		{3CF61638-97B6-4563-9DB7-C9243FA9DDA0}.Debug|iPhoneSimulator.Build.0 = Debug|Any CPU
		{3CF61638-97B6-4563-9DB7-C9243FA9DDA0}.Debug|iPhoneSimulator.Deploy.0 = Debug|Any CPU
		{3CF61638-97B6-4563-9DB7-C9243FA9DDA0}.Debug|x64.ActiveCfg = Debug|Any CPU
		{3CF61638-97B6-4563-9DB7-C9243FA9DDA0}.Debug|x64.Build.0 = Debug|Any CPU
		{3CF61638-97B6-4563-9DB7-C9243FA9DDA0}.Debug|x64.Deploy.0 = Debug|Any CPU
		{3CF61638-97B6-4563-9DB7-C9243FA9DDA0}.Debug|x86.ActiveCfg = Debug|x86
		{3CF61638-97B6-4563-9DB7-C9243FA9DDA0}.Debug|x86.Build.0 = Debug|x86
		{3CF61638-97B6-4563-9DB7-C9243FA9DDA0}.Debug|x86.Deploy.0 = Debug|x86
		{3CF61638-97B6-4563-9DB7-C9243FA9DDA0}.Release|Any CPU.ActiveCfg = Release|Any CPU
		{3CF61638-97B6-4563-9DB7-C9243FA9DDA0}.Release|Any CPU.Build.0 = Release|Any CPU
		{3CF61638-97B6-4563-9DB7-C9243FA9DDA0}.Release|Any CPU.Deploy.0 = Release|Any CPU
		{3CF61638-97B6-4563-9DB7-C9243FA9DDA0}.Release|ARM.ActiveCfg = Release|ARM
		{3CF61638-97B6-4563-9DB7-C9243FA9DDA0}.Release|ARM.Build.0 = Release|ARM
		{3CF61638-97B6-4563-9DB7-C9243FA9DDA0}.Release|ARM.Deploy.0 = Release|ARM
		{3CF61638-97B6-4563-9DB7-C9243FA9DDA0}.Release|iPhone.ActiveCfg = Release|Any CPU
		{3CF61638-97B6-4563-9DB7-C9243FA9DDA0}.Release|iPhone.Build.0 = Release|Any CPU
		{3CF61638-97B6-4563-9DB7-C9243FA9DDA0}.Release|iPhone.Deploy.0 = Release|Any CPU
		{3CF61638-97B6-4563-9DB7-C9243FA9DDA0}.Release|iPhoneSimulator.ActiveCfg = Release|Any CPU
		{3CF61638-97B6-4563-9DB7-C9243FA9DDA0}.Release|iPhoneSimulator.Build.0 = Release|Any CPU
		{3CF61638-97B6-4563-9DB7-C9243FA9DDA0}.Release|iPhoneSimulator.Deploy.0 = Release|Any CPU
		{3CF61638-97B6-4563-9DB7-C9243FA9DDA0}.Release|x64.ActiveCfg = Release|Any CPU
		{3CF61638-97B6-4563-9DB7-C9243FA9DDA0}.Release|x64.Build.0 = Release|Any CPU
		{3CF61638-97B6-4563-9DB7-C9243FA9DDA0}.Release|x64.Deploy.0 = Release|Any CPU
		{3CF61638-97B6-4563-9DB7-C9243FA9DDA0}.Release|x86.ActiveCfg = Release|x86
		{3CF61638-97B6-4563-9DB7-C9243FA9DDA0}.Release|x86.Build.0 = Release|x86
		{3CF61638-97B6-4563-9DB7-C9243FA9DDA0}.Release|x86.Deploy.0 = Release|x86
		{31204311-B565-4A2A-A0B9-B114D6AC70A8}.Ad-Hoc|Any CPU.ActiveCfg = Release|x86
		{31204311-B565-4A2A-A0B9-B114D6AC70A8}.Ad-Hoc|Any CPU.Build.0 = Release|x86
		{31204311-B565-4A2A-A0B9-B114D6AC70A8}.Ad-Hoc|Any CPU.Deploy.0 = Release|x86
		{31204311-B565-4A2A-A0B9-B114D6AC70A8}.Ad-Hoc|ARM.ActiveCfg = Release|ARM
		{31204311-B565-4A2A-A0B9-B114D6AC70A8}.Ad-Hoc|ARM.Build.0 = Release|ARM
		{31204311-B565-4A2A-A0B9-B114D6AC70A8}.Ad-Hoc|ARM.Deploy.0 = Release|ARM
		{31204311-B565-4A2A-A0B9-B114D6AC70A8}.Ad-Hoc|iPhone.ActiveCfg = Release|x86
		{31204311-B565-4A2A-A0B9-B114D6AC70A8}.Ad-Hoc|iPhone.Build.0 = Release|x86
		{31204311-B565-4A2A-A0B9-B114D6AC70A8}.Ad-Hoc|iPhone.Deploy.0 = Release|x86
		{31204311-B565-4A2A-A0B9-B114D6AC70A8}.Ad-Hoc|iPhoneSimulator.ActiveCfg = Release|x86
		{31204311-B565-4A2A-A0B9-B114D6AC70A8}.Ad-Hoc|iPhoneSimulator.Build.0 = Release|x86
		{31204311-B565-4A2A-A0B9-B114D6AC70A8}.Ad-Hoc|iPhoneSimulator.Deploy.0 = Release|x86
		{31204311-B565-4A2A-A0B9-B114D6AC70A8}.Ad-Hoc|x64.ActiveCfg = Release|x64
		{31204311-B565-4A2A-A0B9-B114D6AC70A8}.Ad-Hoc|x64.Build.0 = Release|x64
		{31204311-B565-4A2A-A0B9-B114D6AC70A8}.Ad-Hoc|x64.Deploy.0 = Release|x64
		{31204311-B565-4A2A-A0B9-B114D6AC70A8}.Ad-Hoc|x86.ActiveCfg = Release|x86
		{31204311-B565-4A2A-A0B9-B114D6AC70A8}.Ad-Hoc|x86.Build.0 = Release|x86
		{31204311-B565-4A2A-A0B9-B114D6AC70A8}.Ad-Hoc|x86.Deploy.0 = Release|x86
		{31204311-B565-4A2A-A0B9-B114D6AC70A8}.AppStore|Any CPU.ActiveCfg = Release|x86
		{31204311-B565-4A2A-A0B9-B114D6AC70A8}.AppStore|Any CPU.Build.0 = Release|x86
		{31204311-B565-4A2A-A0B9-B114D6AC70A8}.AppStore|Any CPU.Deploy.0 = Release|x86
		{31204311-B565-4A2A-A0B9-B114D6AC70A8}.AppStore|ARM.ActiveCfg = Release|ARM
		{31204311-B565-4A2A-A0B9-B114D6AC70A8}.AppStore|ARM.Build.0 = Release|ARM
		{31204311-B565-4A2A-A0B9-B114D6AC70A8}.AppStore|ARM.Deploy.0 = Release|ARM
		{31204311-B565-4A2A-A0B9-B114D6AC70A8}.AppStore|iPhone.ActiveCfg = Release|x86
		{31204311-B565-4A2A-A0B9-B114D6AC70A8}.AppStore|iPhone.Build.0 = Release|x86
		{31204311-B565-4A2A-A0B9-B114D6AC70A8}.AppStore|iPhone.Deploy.0 = Release|x86
		{31204311-B565-4A2A-A0B9-B114D6AC70A8}.AppStore|iPhoneSimulator.ActiveCfg = Release|x86
		{31204311-B565-4A2A-A0B9-B114D6AC70A8}.AppStore|iPhoneSimulator.Build.0 = Release|x86
		{31204311-B565-4A2A-A0B9-B114D6AC70A8}.AppStore|iPhoneSimulator.Deploy.0 = Release|x86
		{31204311-B565-4A2A-A0B9-B114D6AC70A8}.AppStore|x64.ActiveCfg = Release|x64
		{31204311-B565-4A2A-A0B9-B114D6AC70A8}.AppStore|x64.Build.0 = Release|x64
		{31204311-B565-4A2A-A0B9-B114D6AC70A8}.AppStore|x64.Deploy.0 = Release|x64
		{31204311-B565-4A2A-A0B9-B114D6AC70A8}.AppStore|x86.ActiveCfg = Release|x86
		{31204311-B565-4A2A-A0B9-B114D6AC70A8}.AppStore|x86.Build.0 = Release|x86
		{31204311-B565-4A2A-A0B9-B114D6AC70A8}.AppStore|x86.Deploy.0 = Release|x86
		{31204311-B565-4A2A-A0B9-B114D6AC70A8}.Debug|Any CPU.ActiveCfg = Debug|x86
		{31204311-B565-4A2A-A0B9-B114D6AC70A8}.Debug|ARM.ActiveCfg = Debug|ARM
		{31204311-B565-4A2A-A0B9-B114D6AC70A8}.Debug|ARM.Build.0 = Debug|ARM
		{31204311-B565-4A2A-A0B9-B114D6AC70A8}.Debug|ARM.Deploy.0 = Debug|ARM
		{31204311-B565-4A2A-A0B9-B114D6AC70A8}.Debug|iPhone.ActiveCfg = Debug|x86
		{31204311-B565-4A2A-A0B9-B114D6AC70A8}.Debug|iPhoneSimulator.ActiveCfg = Debug|x86
		{31204311-B565-4A2A-A0B9-B114D6AC70A8}.Debug|x64.ActiveCfg = Debug|x64
		{31204311-B565-4A2A-A0B9-B114D6AC70A8}.Debug|x64.Build.0 = Debug|x64
		{31204311-B565-4A2A-A0B9-B114D6AC70A8}.Debug|x64.Deploy.0 = Debug|x64
		{31204311-B565-4A2A-A0B9-B114D6AC70A8}.Debug|x86.ActiveCfg = Debug|x86
		{31204311-B565-4A2A-A0B9-B114D6AC70A8}.Debug|x86.Build.0 = Debug|x86
		{31204311-B565-4A2A-A0B9-B114D6AC70A8}.Debug|x86.Deploy.0 = Debug|x86
		{31204311-B565-4A2A-A0B9-B114D6AC70A8}.Release|Any CPU.ActiveCfg = Release|x86
		{31204311-B565-4A2A-A0B9-B114D6AC70A8}.Release|ARM.ActiveCfg = Release|ARM
		{31204311-B565-4A2A-A0B9-B114D6AC70A8}.Release|ARM.Build.0 = Release|ARM
		{31204311-B565-4A2A-A0B9-B114D6AC70A8}.Release|ARM.Deploy.0 = Release|ARM
		{31204311-B565-4A2A-A0B9-B114D6AC70A8}.Release|iPhone.ActiveCfg = Release|x86
		{31204311-B565-4A2A-A0B9-B114D6AC70A8}.Release|iPhoneSimulator.ActiveCfg = Release|x86
		{31204311-B565-4A2A-A0B9-B114D6AC70A8}.Release|x64.ActiveCfg = Release|x64
		{31204311-B565-4A2A-A0B9-B114D6AC70A8}.Release|x64.Build.0 = Release|x64
		{31204311-B565-4A2A-A0B9-B114D6AC70A8}.Release|x64.Deploy.0 = Release|x64
		{31204311-B565-4A2A-A0B9-B114D6AC70A8}.Release|x86.ActiveCfg = Release|x86
		{31204311-B565-4A2A-A0B9-B114D6AC70A8}.Release|x86.Build.0 = Release|x86
		{31204311-B565-4A2A-A0B9-B114D6AC70A8}.Release|x86.Deploy.0 = Release|x86
		{6512E88C-FFA4-4A3B-8E89-3A9B3B6F5F56}.Ad-Hoc|Any CPU.ActiveCfg = Release|Any CPU
		{6512E88C-FFA4-4A3B-8E89-3A9B3B6F5F56}.Ad-Hoc|Any CPU.Build.0 = Release|Any CPU
		{6512E88C-FFA4-4A3B-8E89-3A9B3B6F5F56}.Ad-Hoc|Any CPU.Deploy.0 = Release|Any CPU
		{6512E88C-FFA4-4A3B-8E89-3A9B3B6F5F56}.Ad-Hoc|ARM.ActiveCfg = Release|ARM
		{6512E88C-FFA4-4A3B-8E89-3A9B3B6F5F56}.Ad-Hoc|ARM.Build.0 = Release|ARM
		{6512E88C-FFA4-4A3B-8E89-3A9B3B6F5F56}.Ad-Hoc|ARM.Deploy.0 = Release|ARM
		{6512E88C-FFA4-4A3B-8E89-3A9B3B6F5F56}.Ad-Hoc|iPhone.ActiveCfg = Release|Any CPU
		{6512E88C-FFA4-4A3B-8E89-3A9B3B6F5F56}.Ad-Hoc|iPhone.Build.0 = Release|Any CPU
		{6512E88C-FFA4-4A3B-8E89-3A9B3B6F5F56}.Ad-Hoc|iPhone.Deploy.0 = Release|Any CPU
		{6512E88C-FFA4-4A3B-8E89-3A9B3B6F5F56}.Ad-Hoc|iPhoneSimulator.ActiveCfg = Release|Any CPU
		{6512E88C-FFA4-4A3B-8E89-3A9B3B6F5F56}.Ad-Hoc|iPhoneSimulator.Build.0 = Release|Any CPU
		{6512E88C-FFA4-4A3B-8E89-3A9B3B6F5F56}.Ad-Hoc|iPhoneSimulator.Deploy.0 = Release|Any CPU
		{6512E88C-FFA4-4A3B-8E89-3A9B3B6F5F56}.Ad-Hoc|x64.ActiveCfg = Release|x64
		{6512E88C-FFA4-4A3B-8E89-3A9B3B6F5F56}.Ad-Hoc|x64.Build.0 = Release|x64
		{6512E88C-FFA4-4A3B-8E89-3A9B3B6F5F56}.Ad-Hoc|x64.Deploy.0 = Release|x64
		{6512E88C-FFA4-4A3B-8E89-3A9B3B6F5F56}.Ad-Hoc|x86.ActiveCfg = Release|x86
		{6512E88C-FFA4-4A3B-8E89-3A9B3B6F5F56}.Ad-Hoc|x86.Build.0 = Release|x86
		{6512E88C-FFA4-4A3B-8E89-3A9B3B6F5F56}.Ad-Hoc|x86.Deploy.0 = Release|x86
		{6512E88C-FFA4-4A3B-8E89-3A9B3B6F5F56}.AppStore|Any CPU.ActiveCfg = Release|Any CPU
		{6512E88C-FFA4-4A3B-8E89-3A9B3B6F5F56}.AppStore|Any CPU.Build.0 = Release|Any CPU
		{6512E88C-FFA4-4A3B-8E89-3A9B3B6F5F56}.AppStore|Any CPU.Deploy.0 = Release|Any CPU
		{6512E88C-FFA4-4A3B-8E89-3A9B3B6F5F56}.AppStore|ARM.ActiveCfg = Release|ARM
		{6512E88C-FFA4-4A3B-8E89-3A9B3B6F5F56}.AppStore|ARM.Build.0 = Release|ARM
		{6512E88C-FFA4-4A3B-8E89-3A9B3B6F5F56}.AppStore|ARM.Deploy.0 = Release|ARM
		{6512E88C-FFA4-4A3B-8E89-3A9B3B6F5F56}.AppStore|iPhone.ActiveCfg = Release|Any CPU
		{6512E88C-FFA4-4A3B-8E89-3A9B3B6F5F56}.AppStore|iPhone.Build.0 = Release|Any CPU
		{6512E88C-FFA4-4A3B-8E89-3A9B3B6F5F56}.AppStore|iPhone.Deploy.0 = Release|Any CPU
		{6512E88C-FFA4-4A3B-8E89-3A9B3B6F5F56}.AppStore|iPhoneSimulator.ActiveCfg = Release|Any CPU
		{6512E88C-FFA4-4A3B-8E89-3A9B3B6F5F56}.AppStore|iPhoneSimulator.Build.0 = Release|Any CPU
		{6512E88C-FFA4-4A3B-8E89-3A9B3B6F5F56}.AppStore|iPhoneSimulator.Deploy.0 = Release|Any CPU
		{6512E88C-FFA4-4A3B-8E89-3A9B3B6F5F56}.AppStore|x64.ActiveCfg = Release|x64
		{6512E88C-FFA4-4A3B-8E89-3A9B3B6F5F56}.AppStore|x64.Build.0 = Release|x64
		{6512E88C-FFA4-4A3B-8E89-3A9B3B6F5F56}.AppStore|x64.Deploy.0 = Release|x64
		{6512E88C-FFA4-4A3B-8E89-3A9B3B6F5F56}.AppStore|x86.ActiveCfg = Release|x86
		{6512E88C-FFA4-4A3B-8E89-3A9B3B6F5F56}.AppStore|x86.Build.0 = Release|x86
		{6512E88C-FFA4-4A3B-8E89-3A9B3B6F5F56}.AppStore|x86.Deploy.0 = Release|x86
		{6512E88C-FFA4-4A3B-8E89-3A9B3B6F5F56}.Debug|Any CPU.ActiveCfg = Debug|Any CPU
		{6512E88C-FFA4-4A3B-8E89-3A9B3B6F5F56}.Debug|Any CPU.Build.0 = Debug|Any CPU
		{6512E88C-FFA4-4A3B-8E89-3A9B3B6F5F56}.Debug|Any CPU.Deploy.0 = Debug|Any CPU
		{6512E88C-FFA4-4A3B-8E89-3A9B3B6F5F56}.Debug|ARM.ActiveCfg = Debug|ARM
		{6512E88C-FFA4-4A3B-8E89-3A9B3B6F5F56}.Debug|ARM.Build.0 = Debug|ARM
		{6512E88C-FFA4-4A3B-8E89-3A9B3B6F5F56}.Debug|ARM.Deploy.0 = Debug|ARM
		{6512E88C-FFA4-4A3B-8E89-3A9B3B6F5F56}.Debug|iPhone.ActiveCfg = Debug|Any CPU
		{6512E88C-FFA4-4A3B-8E89-3A9B3B6F5F56}.Debug|iPhone.Build.0 = Debug|Any CPU
		{6512E88C-FFA4-4A3B-8E89-3A9B3B6F5F56}.Debug|iPhone.Deploy.0 = Debug|Any CPU
		{6512E88C-FFA4-4A3B-8E89-3A9B3B6F5F56}.Debug|iPhoneSimulator.ActiveCfg = Debug|Any CPU
		{6512E88C-FFA4-4A3B-8E89-3A9B3B6F5F56}.Debug|iPhoneSimulator.Build.0 = Debug|Any CPU
		{6512E88C-FFA4-4A3B-8E89-3A9B3B6F5F56}.Debug|iPhoneSimulator.Deploy.0 = Debug|Any CPU
		{6512E88C-FFA4-4A3B-8E89-3A9B3B6F5F56}.Debug|x64.ActiveCfg = Debug|x64
		{6512E88C-FFA4-4A3B-8E89-3A9B3B6F5F56}.Debug|x64.Build.0 = Debug|x64
		{6512E88C-FFA4-4A3B-8E89-3A9B3B6F5F56}.Debug|x64.Deploy.0 = Debug|x64
		{6512E88C-FFA4-4A3B-8E89-3A9B3B6F5F56}.Debug|x86.ActiveCfg = Debug|x86
		{6512E88C-FFA4-4A3B-8E89-3A9B3B6F5F56}.Debug|x86.Build.0 = Debug|x86
		{6512E88C-FFA4-4A3B-8E89-3A9B3B6F5F56}.Debug|x86.Deploy.0 = Debug|x86
		{6512E88C-FFA4-4A3B-8E89-3A9B3B6F5F56}.Release|Any CPU.ActiveCfg = Release|Any CPU
		{6512E88C-FFA4-4A3B-8E89-3A9B3B6F5F56}.Release|Any CPU.Build.0 = Release|Any CPU
		{6512E88C-FFA4-4A3B-8E89-3A9B3B6F5F56}.Release|Any CPU.Deploy.0 = Release|Any CPU
		{6512E88C-FFA4-4A3B-8E89-3A9B3B6F5F56}.Release|ARM.ActiveCfg = Release|ARM
		{6512E88C-FFA4-4A3B-8E89-3A9B3B6F5F56}.Release|ARM.Build.0 = Release|ARM
		{6512E88C-FFA4-4A3B-8E89-3A9B3B6F5F56}.Release|ARM.Deploy.0 = Release|ARM
		{6512E88C-FFA4-4A3B-8E89-3A9B3B6F5F56}.Release|iPhone.ActiveCfg = Release|Any CPU
		{6512E88C-FFA4-4A3B-8E89-3A9B3B6F5F56}.Release|iPhone.Build.0 = Release|Any CPU
		{6512E88C-FFA4-4A3B-8E89-3A9B3B6F5F56}.Release|iPhone.Deploy.0 = Release|Any CPU
		{6512E88C-FFA4-4A3B-8E89-3A9B3B6F5F56}.Release|iPhoneSimulator.ActiveCfg = Release|Any CPU
		{6512E88C-FFA4-4A3B-8E89-3A9B3B6F5F56}.Release|iPhoneSimulator.Build.0 = Release|Any CPU
		{6512E88C-FFA4-4A3B-8E89-3A9B3B6F5F56}.Release|iPhoneSimulator.Deploy.0 = Release|Any CPU
		{6512E88C-FFA4-4A3B-8E89-3A9B3B6F5F56}.Release|x64.ActiveCfg = Release|x64
		{6512E88C-FFA4-4A3B-8E89-3A9B3B6F5F56}.Release|x64.Build.0 = Release|x64
		{6512E88C-FFA4-4A3B-8E89-3A9B3B6F5F56}.Release|x64.Deploy.0 = Release|x64
		{6512E88C-FFA4-4A3B-8E89-3A9B3B6F5F56}.Release|x86.ActiveCfg = Release|x86
		{6512E88C-FFA4-4A3B-8E89-3A9B3B6F5F56}.Release|x86.Build.0 = Release|x86
		{6512E88C-FFA4-4A3B-8E89-3A9B3B6F5F56}.Release|x86.Deploy.0 = Release|x86
		{61776AF1-E0AC-41D9-8BF8-4A76CEFF237A}.Ad-Hoc|Any CPU.ActiveCfg = Release|Any CPU
		{61776AF1-E0AC-41D9-8BF8-4A76CEFF237A}.Ad-Hoc|Any CPU.Build.0 = Release|Any CPU
		{61776AF1-E0AC-41D9-8BF8-4A76CEFF237A}.Ad-Hoc|ARM.ActiveCfg = Release|Any CPU
		{61776AF1-E0AC-41D9-8BF8-4A76CEFF237A}.Ad-Hoc|ARM.Build.0 = Release|Any CPU
		{61776AF1-E0AC-41D9-8BF8-4A76CEFF237A}.Ad-Hoc|iPhone.ActiveCfg = Release|Any CPU
		{61776AF1-E0AC-41D9-8BF8-4A76CEFF237A}.Ad-Hoc|iPhone.Build.0 = Release|Any CPU
		{61776AF1-E0AC-41D9-8BF8-4A76CEFF237A}.Ad-Hoc|iPhoneSimulator.ActiveCfg = Release|Any CPU
		{61776AF1-E0AC-41D9-8BF8-4A76CEFF237A}.Ad-Hoc|iPhoneSimulator.Build.0 = Release|Any CPU
		{61776AF1-E0AC-41D9-8BF8-4A76CEFF237A}.Ad-Hoc|x64.ActiveCfg = Release|Any CPU
		{61776AF1-E0AC-41D9-8BF8-4A76CEFF237A}.Ad-Hoc|x64.Build.0 = Release|Any CPU
		{61776AF1-E0AC-41D9-8BF8-4A76CEFF237A}.Ad-Hoc|x86.ActiveCfg = Release|Any CPU
		{61776AF1-E0AC-41D9-8BF8-4A76CEFF237A}.Ad-Hoc|x86.Build.0 = Release|Any CPU
		{61776AF1-E0AC-41D9-8BF8-4A76CEFF237A}.AppStore|Any CPU.ActiveCfg = Release|Any CPU
		{61776AF1-E0AC-41D9-8BF8-4A76CEFF237A}.AppStore|Any CPU.Build.0 = Release|Any CPU
		{61776AF1-E0AC-41D9-8BF8-4A76CEFF237A}.AppStore|ARM.ActiveCfg = Release|Any CPU
		{61776AF1-E0AC-41D9-8BF8-4A76CEFF237A}.AppStore|ARM.Build.0 = Release|Any CPU
		{61776AF1-E0AC-41D9-8BF8-4A76CEFF237A}.AppStore|iPhone.ActiveCfg = Release|Any CPU
		{61776AF1-E0AC-41D9-8BF8-4A76CEFF237A}.AppStore|iPhone.Build.0 = Release|Any CPU
		{61776AF1-E0AC-41D9-8BF8-4A76CEFF237A}.AppStore|iPhoneSimulator.ActiveCfg = Release|Any CPU
		{61776AF1-E0AC-41D9-8BF8-4A76CEFF237A}.AppStore|iPhoneSimulator.Build.0 = Release|Any CPU
		{61776AF1-E0AC-41D9-8BF8-4A76CEFF237A}.AppStore|x64.ActiveCfg = Release|Any CPU
		{61776AF1-E0AC-41D9-8BF8-4A76CEFF237A}.AppStore|x64.Build.0 = Release|Any CPU
		{61776AF1-E0AC-41D9-8BF8-4A76CEFF237A}.AppStore|x86.ActiveCfg = Release|Any CPU
		{61776AF1-E0AC-41D9-8BF8-4A76CEFF237A}.AppStore|x86.Build.0 = Release|Any CPU
		{61776AF1-E0AC-41D9-8BF8-4A76CEFF237A}.Debug|Any CPU.ActiveCfg = Debug|Any CPU
		{61776AF1-E0AC-41D9-8BF8-4A76CEFF237A}.Debug|Any CPU.Build.0 = Debug|Any CPU
		{61776AF1-E0AC-41D9-8BF8-4A76CEFF237A}.Debug|ARM.ActiveCfg = Debug|Any CPU
		{61776AF1-E0AC-41D9-8BF8-4A76CEFF237A}.Debug|ARM.Build.0 = Debug|Any CPU
		{61776AF1-E0AC-41D9-8BF8-4A76CEFF237A}.Debug|iPhone.ActiveCfg = Debug|Any CPU
		{61776AF1-E0AC-41D9-8BF8-4A76CEFF237A}.Debug|iPhone.Build.0 = Debug|Any CPU
		{61776AF1-E0AC-41D9-8BF8-4A76CEFF237A}.Debug|iPhoneSimulator.ActiveCfg = Debug|Any CPU
		{61776AF1-E0AC-41D9-8BF8-4A76CEFF237A}.Debug|iPhoneSimulator.Build.0 = Debug|Any CPU
		{61776AF1-E0AC-41D9-8BF8-4A76CEFF237A}.Debug|x64.ActiveCfg = Debug|Any CPU
		{61776AF1-E0AC-41D9-8BF8-4A76CEFF237A}.Debug|x64.Build.0 = Debug|Any CPU
		{61776AF1-E0AC-41D9-8BF8-4A76CEFF237A}.Debug|x86.ActiveCfg = Debug|Any CPU
		{61776AF1-E0AC-41D9-8BF8-4A76CEFF237A}.Debug|x86.Build.0 = Debug|Any CPU
		{61776AF1-E0AC-41D9-8BF8-4A76CEFF237A}.Release|Any CPU.ActiveCfg = Release|Any CPU
		{61776AF1-E0AC-41D9-8BF8-4A76CEFF237A}.Release|Any CPU.Build.0 = Release|Any CPU
		{61776AF1-E0AC-41D9-8BF8-4A76CEFF237A}.Release|ARM.ActiveCfg = Release|Any CPU
		{61776AF1-E0AC-41D9-8BF8-4A76CEFF237A}.Release|ARM.Build.0 = Release|Any CPU
		{61776AF1-E0AC-41D9-8BF8-4A76CEFF237A}.Release|iPhone.ActiveCfg = Release|Any CPU
		{61776AF1-E0AC-41D9-8BF8-4A76CEFF237A}.Release|iPhone.Build.0 = Release|Any CPU
		{61776AF1-E0AC-41D9-8BF8-4A76CEFF237A}.Release|iPhoneSimulator.ActiveCfg = Release|Any CPU
		{61776AF1-E0AC-41D9-8BF8-4A76CEFF237A}.Release|iPhoneSimulator.Build.0 = Release|Any CPU
		{61776AF1-E0AC-41D9-8BF8-4A76CEFF237A}.Release|x64.ActiveCfg = Release|Any CPU
		{61776AF1-E0AC-41D9-8BF8-4A76CEFF237A}.Release|x64.Build.0 = Release|Any CPU
		{61776AF1-E0AC-41D9-8BF8-4A76CEFF237A}.Release|x86.ActiveCfg = Release|Any CPU
		{61776AF1-E0AC-41D9-8BF8-4A76CEFF237A}.Release|x86.Build.0 = Release|Any CPU
	EndGlobalSection
	GlobalSection(SolutionProperties) = preSolution
		HideSolutionNode = FALSE
	EndGlobalSection
EndGlobal
